// !$*UTF8*$!
{
	archiveVersion = 1;
	classes = {
	};
	objectVersion = 56;
	objects = {

/* Begin PBXBuildFile section */
		DE7757F02D54BD8900E2255D /* SplashView.swift in Sources */ = {isa = PBXBuildFile; fileRef = DE7757EF2D54BD8900E2255D /* SplashView.swift */; };
		DE7757F22D54CD3F00E2255D /* Player.swift in Sources */ = {isa = PBXBuildFile; fileRef = DE7757F12D54CD3F00E2255D /* Player.swift */; };
		DE7757F52D54D73700E2255D /* ClubInfoView.swift in Sources */ = {isa = PBXBuildFile; fileRef = DE7757F42D54D73700E2255D /* ClubInfoView.swift */; };
		DE7757F82D54D7DC00E2255D /* GameRecordView.swift in Sources */ = {isa = PBXBuildFile; fileRef = DE7757F72D54D7DC00E2255D /* GameRecordView.swift */; };
		DE7757FA2D54DEF700E2255D /* Club.swift in Sources */ = {isa = PBXBuildFile; fileRef = DE7757F92D54DEF700E2255D /* Club.swift */; };
		DE7757FC2D54DF0500E2255D /* Game.swift in Sources */ = {isa = PBXBuildFile; fileRef = DE7757FB2D54DF0500E2255D /* Game.swift */; };
		DE7757FE2D54F4FB00E2255D /* CalendarView.swift in Sources */ = {isa = PBXBuildFile; fileRef = DE7757FD2D54F4FB00E2255D /* CalendarView.swift */; };
		DE7A18502B282579008E5CC3 /* OurLeagueApp.swift in Sources */ = {isa = PBXBuildFile; fileRef = DE7A184F2B282579008E5CC3 /* OurLeagueApp.swift */; };
		DE7A18522B282579008E5CC3 /* HomeView.swift in Sources */ = {isa = PBXBuildFile; fileRef = DE7A18512B282579008E5CC3 /* HomeView.swift */; };
		DE7A18562B28257B008E5CC3 /* Assets.xcassets in Resources */ = {isa = PBXBuildFile; fileRef = DE7A18552B28257B008E5CC3 /* Assets.xcassets */; };
		DE7A18592B28257B008E5CC3 /* Preview Assets.xcassets in Resources */ = {isa = PBXBuildFile; fileRef = DE7A18582B28257B008E5CC3 /* Preview Assets.xcassets */; };
		DE7A18632B28257B008E5CC3 /* OurLeagueTests.swift in Sources */ = {isa = PBXBuildFile; fileRef = DE7A18622B28257B008E5CC3 /* OurLeagueTests.swift */; };
		DE7A186D2B28257B008E5CC3 /* OurLeagueUITests.swift in Sources */ = {isa = PBXBuildFile; fileRef = DE7A186C2B28257B008E5CC3 /* OurLeagueUITests.swift */; };
		DE7A186F2B28257B008E5CC3 /* OurLeagueUITestsLaunchTests.swift in Sources */ = {isa = PBXBuildFile; fileRef = DE7A186E2B28257B008E5CC3 /* OurLeagueUITestsLaunchTests.swift */; };
		DE7A18842B28A253008E5CC3 /* FirebaseDatabase in Frameworks */ = {isa = PBXBuildFile; productRef = DE7A18832B28A253008E5CC3 /* FirebaseDatabase */; };
		DE7A18862B28A370008E5CC3 /* FirebaseFirestore in Frameworks */ = {isa = PBXBuildFile; productRef = DE7A18852B28A370008E5CC3 /* FirebaseFirestore */; };
		DE7A18892B28A449008E5CC3 /* FirebaseDBManager.swift in Sources */ = {isa = PBXBuildFile; fileRef = DE7A18882B28A449008E5CC3 /* FirebaseDBManager.swift */; };
		DE7A188D2B28AB66008E5CC3 /* GoogleService-Info.plist in Resources */ = {isa = PBXBuildFile; fileRef = DE7A188C2B28AB66008E5CC3 /* GoogleService-Info.plist */; };
		DE7A18912B29E617008E5CC3 /* InformationInputView.swift in Sources */ = {isa = PBXBuildFile; fileRef = DE7A18902B29E617008E5CC3 /* InformationInputView.swift */; };
		DE7A18942B29F479008E5CC3 /* SearchClubModalView.swift in Sources */ = {isa = PBXBuildFile; fileRef = DE7A18932B29F479008E5CC3 /* SearchClubModalView.swift */; };
/* End PBXBuildFile section */

/* Begin PBXContainerItemProxy section */
		DE7A185F2B28257B008E5CC3 /* PBXContainerItemProxy */ = {
			isa = PBXContainerItemProxy;
			containerPortal = DE7A18442B282579008E5CC3 /* Project object */;
			proxyType = 1;
			remoteGlobalIDString = DE7A184B2B282579008E5CC3;
			remoteInfo = OurLeague;
		};
		DE7A18692B28257B008E5CC3 /* PBXContainerItemProxy */ = {
			isa = PBXContainerItemProxy;
			containerPortal = DE7A18442B282579008E5CC3 /* Project object */;
			proxyType = 1;
			remoteGlobalIDString = DE7A184B2B282579008E5CC3;
			remoteInfo = OurLeague;
		};
/* End PBXContainerItemProxy section */

/* Begin PBXFileReference section */
		DE7757EF2D54BD8900E2255D /* SplashView.swift */ = {isa = PBXFileReference; lastKnownFileType = sourcecode.swift; path = SplashView.swift; sourceTree = "<group>"; };
		DE7757F12D54CD3F00E2255D /* Player.swift */ = {isa = PBXFileReference; lastKnownFileType = sourcecode.swift; path = Player.swift; sourceTree = "<group>"; };
		DE7757F42D54D73700E2255D /* ClubInfoView.swift */ = {isa = PBXFileReference; lastKnownFileType = sourcecode.swift; path = ClubInfoView.swift; sourceTree = "<group>"; };
		DE7757F72D54D7DC00E2255D /* GameRecordView.swift */ = {isa = PBXFileReference; lastKnownFileType = sourcecode.swift; path = GameRecordView.swift; sourceTree = "<group>"; };
		DE7757F92D54DEF700E2255D /* Club.swift */ = {isa = PBXFileReference; lastKnownFileType = sourcecode.swift; path = Club.swift; sourceTree = "<group>"; };
		DE7757FB2D54DF0500E2255D /* Game.swift */ = {isa = PBXFileReference; lastKnownFileType = sourcecode.swift; path = Game.swift; sourceTree = "<group>"; };
		DE7757FD2D54F4FB00E2255D /* CalendarView.swift */ = {isa = PBXFileReference; lastKnownFileType = sourcecode.swift; path = CalendarView.swift; sourceTree = "<group>"; };
		DE7A184C2B282579008E5CC3 /* OurLeague.app */ = {isa = PBXFileReference; explicitFileType = wrapper.application; includeInIndex = 0; path = OurLeague.app; sourceTree = BUILT_PRODUCTS_DIR; };
		DE7A184F2B282579008E5CC3 /* OurLeagueApp.swift */ = {isa = PBXFileReference; lastKnownFileType = sourcecode.swift; path = OurLeagueApp.swift; sourceTree = "<group>"; };
		DE7A18512B282579008E5CC3 /* HomeView.swift */ = {isa = PBXFileReference; lastKnownFileType = sourcecode.swift; path = HomeView.swift; sourceTree = "<group>"; };
		DE7A18552B28257B008E5CC3 /* Assets.xcassets */ = {isa = PBXFileReference; lastKnownFileType = folder.assetcatalog; path = Assets.xcassets; sourceTree = "<group>"; };
		DE7A18582B28257B008E5CC3 /* Preview Assets.xcassets */ = {isa = PBXFileReference; lastKnownFileType = folder.assetcatalog; path = "Preview Assets.xcassets"; sourceTree = "<group>"; };
		DE7A185E2B28257B008E5CC3 /* OurLeagueTests.xctest */ = {isa = PBXFileReference; explicitFileType = wrapper.cfbundle; includeInIndex = 0; path = OurLeagueTests.xctest; sourceTree = BUILT_PRODUCTS_DIR; };
		DE7A18622B28257B008E5CC3 /* OurLeagueTests.swift */ = {isa = PBXFileReference; lastKnownFileType = sourcecode.swift; path = OurLeagueTests.swift; sourceTree = "<group>"; };
		DE7A18682B28257B008E5CC3 /* OurLeagueUITests.xctest */ = {isa = PBXFileReference; explicitFileType = wrapper.cfbundle; includeInIndex = 0; path = OurLeagueUITests.xctest; sourceTree = BUILT_PRODUCTS_DIR; };
		DE7A186C2B28257B008E5CC3 /* OurLeagueUITests.swift */ = {isa = PBXFileReference; lastKnownFileType = sourcecode.swift; path = OurLeagueUITests.swift; sourceTree = "<group>"; };
		DE7A186E2B28257B008E5CC3 /* OurLeagueUITestsLaunchTests.swift */ = {isa = PBXFileReference; lastKnownFileType = sourcecode.swift; path = OurLeagueUITestsLaunchTests.swift; sourceTree = "<group>"; };
		DE7A18882B28A449008E5CC3 /* FirebaseDBManager.swift */ = {isa = PBXFileReference; lastKnownFileType = sourcecode.swift; path = FirebaseDBManager.swift; sourceTree = "<group>"; };
		DE7A188C2B28AB66008E5CC3 /* GoogleService-Info.plist */ = {isa = PBXFileReference; fileEncoding = 4; lastKnownFileType = text.plist.xml; path = "GoogleService-Info.plist"; sourceTree = "<group>"; };
		DE7A18902B29E617008E5CC3 /* InformationInputView.swift */ = {isa = PBXFileReference; lastKnownFileType = sourcecode.swift; path = InformationInputView.swift; sourceTree = "<group>"; };
		DE7A18932B29F479008E5CC3 /* SearchClubModalView.swift */ = {isa = PBXFileReference; lastKnownFileType = sourcecode.swift; path = SearchClubModalView.swift; sourceTree = "<group>"; };
/* End PBXFileReference section */

/* Begin PBXFrameworksBuildPhase section */
		DE7A18492B282579008E5CC3 /* Frameworks */ = {
			isa = PBXFrameworksBuildPhase;
			buildActionMask = 2147483647;
			files = (
				DE7A18842B28A253008E5CC3 /* FirebaseDatabase in Frameworks */,
				DE7A18862B28A370008E5CC3 /* FirebaseFirestore in Frameworks */,
			);
			runOnlyForDeploymentPostprocessing = 0;
		};
		DE7A185B2B28257B008E5CC3 /* Frameworks */ = {
			isa = PBXFrameworksBuildPhase;
			buildActionMask = 2147483647;
			files = (
			);
			runOnlyForDeploymentPostprocessing = 0;
		};
		DE7A18652B28257B008E5CC3 /* Frameworks */ = {
			isa = PBXFrameworksBuildPhase;
			buildActionMask = 2147483647;
			files = (
			);
			runOnlyForDeploymentPostprocessing = 0;
		};
/* End PBXFrameworksBuildPhase section */

/* Begin PBXGroup section */
		DE7757EE2D54BD6D00E2255D /* Splash */ = {
			isa = PBXGroup;
			children = (
				DE7757EF2D54BD8900E2255D /* SplashView.swift */,
			);
			path = Splash;
			sourceTree = "<group>";
		};
		DE7757F32D54D71600E2255D /* Club */ = {
			isa = PBXGroup;
			children = (
				DE7757F42D54D73700E2255D /* ClubInfoView.swift */,
			);
			path = Club;
			sourceTree = "<group>";
		};
		DE7757F62D54D7C800E2255D /* GameRecord */ = {
			isa = PBXGroup;
			children = (
				DE7757F72D54D7DC00E2255D /* GameRecordView.swift */,
			);
			path = GameRecord;
			sourceTree = "<group>";
		};
		DE7A18432B282579008E5CC3 = {
			isa = PBXGroup;
			children = (
				DE7A184E2B282579008E5CC3 /* OurLeague */,
				DE7A18612B28257B008E5CC3 /* OurLeagueTests */,
				DE7A186B2B28257B008E5CC3 /* OurLeagueUITests */,
				DE7A184D2B282579008E5CC3 /* Products */,
				DE7A18822B28A253008E5CC3 /* Frameworks */,
			);
			sourceTree = "<group>";
		};
		DE7A184D2B282579008E5CC3 /* Products */ = {
			isa = PBXGroup;
			children = (
				DE7A184C2B282579008E5CC3 /* OurLeague.app */,
				DE7A185E2B28257B008E5CC3 /* OurLeagueTests.xctest */,
				DE7A18682B28257B008E5CC3 /* OurLeagueUITests.xctest */,
			);
			name = Products;
			sourceTree = "<group>";
		};
		DE7A184E2B282579008E5CC3 /* OurLeague */ = {
			isa = PBXGroup;
			children = (
				DE7A188E2B28AC6E008E5CC3 /* App */,
				DE7757EE2D54BD6D00E2255D /* Splash */,
				DE7A188F2B29E40C008E5CC3 /* MyInformation */,
				DE7A187C2B28A005008E5CC3 /* Home */,
				DE7757F32D54D71600E2255D /* Club */,
				DE7757F62D54D7C800E2255D /* GameRecord */,
				DE7A18572B28257B008E5CC3 /* Preview Content */,
			);
			path = OurLeague;
			sourceTree = "<group>";
		};
		DE7A18572B28257B008E5CC3 /* Preview Content */ = {
			isa = PBXGroup;
			children = (
				DE7A18582B28257B008E5CC3 /* Preview Assets.xcassets */,
			);
			path = "Preview Content";
			sourceTree = "<group>";
		};
		DE7A18612B28257B008E5CC3 /* OurLeagueTests */ = {
			isa = PBXGroup;
			children = (
				DE7A18622B28257B008E5CC3 /* OurLeagueTests.swift */,
			);
			path = OurLeagueTests;
			sourceTree = "<group>";
		};
		DE7A186B2B28257B008E5CC3 /* OurLeagueUITests */ = {
			isa = PBXGroup;
			children = (
				DE7A186C2B28257B008E5CC3 /* OurLeagueUITests.swift */,
				DE7A186E2B28257B008E5CC3 /* OurLeagueUITestsLaunchTests.swift */,
			);
			path = OurLeagueUITests;
			sourceTree = "<group>";
		};
		DE7A187C2B28A005008E5CC3 /* Home */ = {
			isa = PBXGroup;
			children = (
				DE7A18512B282579008E5CC3 /* HomeView.swift */,
				DE7757FD2D54F4FB00E2255D /* CalendarView.swift */,
			);
			path = Home;
			sourceTree = "<group>";
		};
		DE7A187D2B28A018008E5CC3 /* Model */ = {
			isa = PBXGroup;
			children = (
				DE7757F12D54CD3F00E2255D /* Player.swift */,
				DE7757F92D54DEF700E2255D /* Club.swift */,
				DE7757FB2D54DF0500E2255D /* Game.swift */,
			);
			path = Model;
			sourceTree = "<group>";
		};
		DE7A187E2B28A02D008E5CC3 /* Resource */ = {
			isa = PBXGroup;
			children = (
				DE7A188C2B28AB66008E5CC3 /* GoogleService-Info.plist */,
				DE7A18552B28257B008E5CC3 /* Assets.xcassets */,
			);
			path = Resource;
			sourceTree = "<group>";
		};
		DE7A18822B28A253008E5CC3 /* Frameworks */ = {
			isa = PBXGroup;
			children = (
			);
			name = Frameworks;
			sourceTree = "<group>";
		};
		DE7A18872B28A438008E5CC3 /* Database */ = {
			isa = PBXGroup;
			children = (
				DE7A18882B28A449008E5CC3 /* FirebaseDBManager.swift */,
			);
			path = Database;
			sourceTree = "<group>";
		};
		DE7A188E2B28AC6E008E5CC3 /* App */ = {
			isa = PBXGroup;
			children = (
				DE7A184F2B282579008E5CC3 /* OurLeagueApp.swift */,
				DE7A18872B28A438008E5CC3 /* Database */,
				DE7A187E2B28A02D008E5CC3 /* Resource */,
				DE7A187D2B28A018008E5CC3 /* Model */,
			);
			path = App;
			sourceTree = "<group>";
		};
		DE7A188F2B29E40C008E5CC3 /* MyInformation */ = {
			isa = PBXGroup;
			children = (
				DE7A18922B29F469008E5CC3 /* SearchClub */,
				DE7A18902B29E617008E5CC3 /* InformationInputView.swift */,
			);
			path = MyInformation;
			sourceTree = "<group>";
		};
		DE7A18922B29F469008E5CC3 /* SearchClub */ = {
			isa = PBXGroup;
			children = (
				DE7A18932B29F479008E5CC3 /* SearchClubModalView.swift */,
			);
			path = SearchClub;
			sourceTree = "<group>";
		};
/* End PBXGroup section */

/* Begin PBXNativeTarget section */
		DE7A184B2B282579008E5CC3 /* OurLeague */ = {
			isa = PBXNativeTarget;
			buildConfigurationList = DE7A18722B28257B008E5CC3 /* Build configuration list for PBXNativeTarget "OurLeague" */;
			buildPhases = (
				DE7A18482B282579008E5CC3 /* Sources */,
				DE7A18492B282579008E5CC3 /* Frameworks */,
				DE7A184A2B282579008E5CC3 /* Resources */,
			);
			buildRules = (
			);
			dependencies = (
			);
			name = OurLeague;
			packageProductDependencies = (
				DE7A18832B28A253008E5CC3 /* FirebaseDatabase */,
				DE7A18852B28A370008E5CC3 /* FirebaseFirestore */,
			);
			productName = OurLeague;
			productReference = DE7A184C2B282579008E5CC3 /* OurLeague.app */;
			productType = "com.apple.product-type.application";
		};
		DE7A185D2B28257B008E5CC3 /* OurLeagueTests */ = {
			isa = PBXNativeTarget;
			buildConfigurationList = DE7A18752B28257B008E5CC3 /* Build configuration list for PBXNativeTarget "OurLeagueTests" */;
			buildPhases = (
				DE7A185A2B28257B008E5CC3 /* Sources */,
				DE7A185B2B28257B008E5CC3 /* Frameworks */,
				DE7A185C2B28257B008E5CC3 /* Resources */,
			);
			buildRules = (
			);
			dependencies = (
				DE7A18602B28257B008E5CC3 /* PBXTargetDependency */,
			);
			name = OurLeagueTests;
			productName = OurLeagueTests;
			productReference = DE7A185E2B28257B008E5CC3 /* OurLeagueTests.xctest */;
			productType = "com.apple.product-type.bundle.unit-test";
		};
		DE7A18672B28257B008E5CC3 /* OurLeagueUITests */ = {
			isa = PBXNativeTarget;
			buildConfigurationList = DE7A18782B28257B008E5CC3 /* Build configuration list for PBXNativeTarget "OurLeagueUITests" */;
			buildPhases = (
				DE7A18642B28257B008E5CC3 /* Sources */,
				DE7A18652B28257B008E5CC3 /* Frameworks */,
				DE7A18662B28257B008E5CC3 /* Resources */,
			);
			buildRules = (
			);
			dependencies = (
				DE7A186A2B28257B008E5CC3 /* PBXTargetDependency */,
			);
			name = OurLeagueUITests;
			productName = OurLeagueUITests;
			productReference = DE7A18682B28257B008E5CC3 /* OurLeagueUITests.xctest */;
			productType = "com.apple.product-type.bundle.ui-testing";
		};
/* End PBXNativeTarget section */

/* Begin PBXProject section */
		DE7A18442B282579008E5CC3 /* Project object */ = {
			isa = PBXProject;
			attributes = {
				BuildIndependentTargetsInParallel = 1;
				LastSwiftUpdateCheck = 1500;
				LastUpgradeCheck = 1500;
				TargetAttributes = {
					DE7A184B2B282579008E5CC3 = {
						CreatedOnToolsVersion = 15.0;
					};
					DE7A185D2B28257B008E5CC3 = {
						CreatedOnToolsVersion = 15.0;
						TestTargetID = DE7A184B2B282579008E5CC3;
					};
					DE7A18672B28257B008E5CC3 = {
						CreatedOnToolsVersion = 15.0;
						TestTargetID = DE7A184B2B282579008E5CC3;
					};
				};
			};
			buildConfigurationList = DE7A18472B282579008E5CC3 /* Build configuration list for PBXProject "OurLeague" */;
			compatibilityVersion = "Xcode 14.0";
			developmentRegion = en;
			hasScannedForEncodings = 0;
			knownRegions = (
				en,
				Base,
			);
			mainGroup = DE7A18432B282579008E5CC3;
			packageReferences = (
				DE7A18812B28A172008E5CC3 /* XCRemoteSwiftPackageReference "firebase-ios-sdk" */,
			);
			productRefGroup = DE7A184D2B282579008E5CC3 /* Products */;
			projectDirPath = "";
			projectRoot = "";
			targets = (
				DE7A184B2B282579008E5CC3 /* OurLeague */,
				DE7A185D2B28257B008E5CC3 /* OurLeagueTests */,
				DE7A18672B28257B008E5CC3 /* OurLeagueUITests */,
			);
		};
/* End PBXProject section */

/* Begin PBXResourcesBuildPhase section */
		DE7A184A2B282579008E5CC3 /* Resources */ = {
			isa = PBXResourcesBuildPhase;
			buildActionMask = 2147483647;
			files = (
				DE7A18592B28257B008E5CC3 /* Preview Assets.xcassets in Resources */,
				DE7A188D2B28AB66008E5CC3 /* GoogleService-Info.plist in Resources */,
				DE7A18562B28257B008E5CC3 /* Assets.xcassets in Resources */,
			);
			runOnlyForDeploymentPostprocessing = 0;
		};
		DE7A185C2B28257B008E5CC3 /* Resources */ = {
			isa = PBXResourcesBuildPhase;
			buildActionMask = 2147483647;
			files = (
			);
			runOnlyForDeploymentPostprocessing = 0;
		};
		DE7A18662B28257B008E5CC3 /* Resources */ = {
			isa = PBXResourcesBuildPhase;
			buildActionMask = 2147483647;
			files = (
			);
			runOnlyForDeploymentPostprocessing = 0;
		};
/* End PBXResourcesBuildPhase section */

/* Begin PBXSourcesBuildPhase section */
		DE7A18482B282579008E5CC3 /* Sources */ = {
			isa = PBXSourcesBuildPhase;
			buildActionMask = 2147483647;
			files = (
				DE7A18912B29E617008E5CC3 /* InformationInputView.swift in Sources */,
				DE7A18892B28A449008E5CC3 /* FirebaseDBManager.swift in Sources */,
				DE7757FE2D54F4FB00E2255D /* CalendarView.swift in Sources */,
				DE7A18942B29F479008E5CC3 /* SearchClubModalView.swift in Sources */,
				DE7757F52D54D73700E2255D /* ClubInfoView.swift in Sources */,
				DE7A18522B282579008E5CC3 /* HomeView.swift in Sources */,
				DE7757F22D54CD3F00E2255D /* Player.swift in Sources */,
				DE7757FC2D54DF0500E2255D /* Game.swift in Sources */,
				DE7A18502B282579008E5CC3 /* OurLeagueApp.swift in Sources */,
				DE7757FA2D54DEF700E2255D /* Club.swift in Sources */,
				DE7757F02D54BD8900E2255D /* SplashView.swift in Sources */,
				DE7757F82D54D7DC00E2255D /* GameRecordView.swift in Sources */,
			);
			runOnlyForDeploymentPostprocessing = 0;
		};
		DE7A185A2B28257B008E5CC3 /* Sources */ = {
			isa = PBXSourcesBuildPhase;
			buildActionMask = 2147483647;
			files = (
				DE7A18632B28257B008E5CC3 /* OurLeagueTests.swift in Sources */,
			);
			runOnlyForDeploymentPostprocessing = 0;
		};
		DE7A18642B28257B008E5CC3 /* Sources */ = {
			isa = PBXSourcesBuildPhase;
			buildActionMask = 2147483647;
			files = (
				DE7A186F2B28257B008E5CC3 /* OurLeagueUITestsLaunchTests.swift in Sources */,
				DE7A186D2B28257B008E5CC3 /* OurLeagueUITests.swift in Sources */,
			);
			runOnlyForDeploymentPostprocessing = 0;
		};
/* End PBXSourcesBuildPhase section */

/* Begin PBXTargetDependency section */
		DE7A18602B28257B008E5CC3 /* PBXTargetDependency */ = {
			isa = PBXTargetDependency;
			target = DE7A184B2B282579008E5CC3 /* OurLeague */;
			targetProxy = DE7A185F2B28257B008E5CC3 /* PBXContainerItemProxy */;
		};
		DE7A186A2B28257B008E5CC3 /* PBXTargetDependency */ = {
			isa = PBXTargetDependency;
			target = DE7A184B2B282579008E5CC3 /* OurLeague */;
			targetProxy = DE7A18692B28257B008E5CC3 /* PBXContainerItemProxy */;
		};
/* End PBXTargetDependency section */

/* Begin XCBuildConfiguration section */
		DE7A18702B28257B008E5CC3 /* Debug */ = {
			isa = XCBuildConfiguration;
			buildSettings = {
				ALWAYS_SEARCH_USER_PATHS = NO;
				ASSETCATALOG_COMPILER_GENERATE_SWIFT_ASSET_SYMBOL_EXTENSIONS = YES;
				CLANG_ANALYZER_NONNULL = YES;
				CLANG_ANALYZER_NUMBER_OBJECT_CONVERSION = YES_AGGRESSIVE;
				CLANG_CXX_LANGUAGE_STANDARD = "gnu++20";
				CLANG_ENABLE_MODULES = YES;
				CLANG_ENABLE_OBJC_ARC = YES;
				CLANG_ENABLE_OBJC_WEAK = YES;
				CLANG_WARN_BLOCK_CAPTURE_AUTORELEASING = YES;
				CLANG_WARN_BOOL_CONVERSION = YES;
				CLANG_WARN_COMMA = YES;
				CLANG_WARN_CONSTANT_CONVERSION = YES;
				CLANG_WARN_DEPRECATED_OBJC_IMPLEMENTATIONS = YES;
				CLANG_WARN_DIRECT_OBJC_ISA_USAGE = YES_ERROR;
				CLANG_WARN_DOCUMENTATION_COMMENTS = YES;
				CLANG_WARN_EMPTY_BODY = YES;
				CLANG_WARN_ENUM_CONVERSION = YES;
				CLANG_WARN_INFINITE_RECURSION = YES;
				CLANG_WARN_INT_CONVERSION = YES;
				CLANG_WARN_NON_LITERAL_NULL_CONVERSION = YES;
				CLANG_WARN_OBJC_IMPLICIT_RETAIN_SELF = YES;
				CLANG_WARN_OBJC_LITERAL_CONVERSION = YES;
				CLANG_WARN_OBJC_ROOT_CLASS = YES_ERROR;
				CLANG_WARN_QUOTED_INCLUDE_IN_FRAMEWORK_HEADER = YES;
				CLANG_WARN_RANGE_LOOP_ANALYSIS = YES;
				CLANG_WARN_STRICT_PROTOTYPES = YES;
				CLANG_WARN_SUSPICIOUS_MOVE = YES;
				CLANG_WARN_UNGUARDED_AVAILABILITY = YES_AGGRESSIVE;
				CLANG_WARN_UNREACHABLE_CODE = YES;
				CLANG_WARN__DUPLICATE_METHOD_MATCH = YES;
				COPY_PHASE_STRIP = NO;
				DEBUG_INFORMATION_FORMAT = dwarf;
				ENABLE_STRICT_OBJC_MSGSEND = YES;
				ENABLE_TESTABILITY = YES;
				ENABLE_USER_SCRIPT_SANDBOXING = YES;
				GCC_C_LANGUAGE_STANDARD = gnu17;
				GCC_DYNAMIC_NO_PIC = NO;
				GCC_NO_COMMON_BLOCKS = YES;
				GCC_OPTIMIZATION_LEVEL = 0;
				GCC_PREPROCESSOR_DEFINITIONS = (
					"DEBUG=1",
					"$(inherited)",
				);
				GCC_WARN_64_TO_32_BIT_CONVERSION = YES;
				GCC_WARN_ABOUT_RETURN_TYPE = YES_ERROR;
				GCC_WARN_UNDECLARED_SELECTOR = YES;
				GCC_WARN_UNINITIALIZED_AUTOS = YES_AGGRESSIVE;
				GCC_WARN_UNUSED_FUNCTION = YES;
				GCC_WARN_UNUSED_VARIABLE = YES;
				IPHONEOS_DEPLOYMENT_TARGET = 17.0;
				LOCALIZATION_PREFERS_STRING_CATALOGS = YES;
				MTL_ENABLE_DEBUG_INFO = INCLUDE_SOURCE;
				MTL_FAST_MATH = YES;
				ONLY_ACTIVE_ARCH = YES;
				SDKROOT = iphoneos;
				SWIFT_ACTIVE_COMPILATION_CONDITIONS = "DEBUG $(inherited)";
				SWIFT_OPTIMIZATION_LEVEL = "-Onone";
			};
			name = Debug;
		};
		DE7A18712B28257B008E5CC3 /* Release */ = {
			isa = XCBuildConfiguration;
			buildSettings = {
				ALWAYS_SEARCH_USER_PATHS = NO;
				ASSETCATALOG_COMPILER_GENERATE_SWIFT_ASSET_SYMBOL_EXTENSIONS = YES;
				CLANG_ANALYZER_NONNULL = YES;
				CLANG_ANALYZER_NUMBER_OBJECT_CONVERSION = YES_AGGRESSIVE;
				CLANG_CXX_LANGUAGE_STANDARD = "gnu++20";
				CLANG_ENABLE_MODULES = YES;
				CLANG_ENABLE_OBJC_ARC = YES;
				CLANG_ENABLE_OBJC_WEAK = YES;
				CLANG_WARN_BLOCK_CAPTURE_AUTORELEASING = YES;
				CLANG_WARN_BOOL_CONVERSION = YES;
				CLANG_WARN_COMMA = YES;
				CLANG_WARN_CONSTANT_CONVERSION = YES;
				CLANG_WARN_DEPRECATED_OBJC_IMPLEMENTATIONS = YES;
				CLANG_WARN_DIRECT_OBJC_ISA_USAGE = YES_ERROR;
				CLANG_WARN_DOCUMENTATION_COMMENTS = YES;
				CLANG_WARN_EMPTY_BODY = YES;
				CLANG_WARN_ENUM_CONVERSION = YES;
				CLANG_WARN_INFINITE_RECURSION = YES;
				CLANG_WARN_INT_CONVERSION = YES;
				CLANG_WARN_NON_LITERAL_NULL_CONVERSION = YES;
				CLANG_WARN_OBJC_IMPLICIT_RETAIN_SELF = YES;
				CLANG_WARN_OBJC_LITERAL_CONVERSION = YES;
				CLANG_WARN_OBJC_ROOT_CLASS = YES_ERROR;
				CLANG_WARN_QUOTED_INCLUDE_IN_FRAMEWORK_HEADER = YES;
				CLANG_WARN_RANGE_LOOP_ANALYSIS = YES;
				CLANG_WARN_STRICT_PROTOTYPES = YES;
				CLANG_WARN_SUSPICIOUS_MOVE = YES;
				CLANG_WARN_UNGUARDED_AVAILABILITY = YES_AGGRESSIVE;
				CLANG_WARN_UNREACHABLE_CODE = YES;
				CLANG_WARN__DUPLICATE_METHOD_MATCH = YES;
				COPY_PHASE_STRIP = NO;
				DEBUG_INFORMATION_FORMAT = "dwarf-with-dsym";
				ENABLE_NS_ASSERTIONS = NO;
				ENABLE_STRICT_OBJC_MSGSEND = YES;
				ENABLE_USER_SCRIPT_SANDBOXING = YES;
				GCC_C_LANGUAGE_STANDARD = gnu17;
				GCC_NO_COMMON_BLOCKS = YES;
				GCC_WARN_64_TO_32_BIT_CONVERSION = YES;
				GCC_WARN_ABOUT_RETURN_TYPE = YES_ERROR;
				GCC_WARN_UNDECLARED_SELECTOR = YES;
				GCC_WARN_UNINITIALIZED_AUTOS = YES_AGGRESSIVE;
				GCC_WARN_UNUSED_FUNCTION = YES;
				GCC_WARN_UNUSED_VARIABLE = YES;
				IPHONEOS_DEPLOYMENT_TARGET = 17.0;
				LOCALIZATION_PREFERS_STRING_CATALOGS = YES;
				MTL_ENABLE_DEBUG_INFO = NO;
				MTL_FAST_MATH = YES;
				SDKROOT = iphoneos;
				SWIFT_COMPILATION_MODE = wholemodule;
				VALIDATE_PRODUCT = YES;
			};
			name = Release;
		};
		DE7A18732B28257B008E5CC3 /* Debug */ = {
			isa = XCBuildConfiguration;
			buildSettings = {
				ASSETCATALOG_COMPILER_APPICON_NAME = AppIcon;
				ASSETCATALOG_COMPILER_GLOBAL_ACCENT_COLOR_NAME = AccentColor;
				CODE_SIGN_STYLE = Automatic;
				CURRENT_PROJECT_VERSION = 1;
				DEVELOPMENT_ASSET_PATHS = "\"OurLeague/Preview Content\"";
				DEVELOPMENT_TEAM = FA464JRW3F;
				ENABLE_PREVIEWS = YES;
				GENERATE_INFOPLIST_FILE = YES;
				INFOPLIST_KEY_UIApplicationSceneManifest_Generation = YES;
				INFOPLIST_KEY_UIApplicationSupportsIndirectInputEvents = YES;
				INFOPLIST_KEY_UILaunchScreen_Generation = YES;
				INFOPLIST_KEY_UISupportedInterfaceOrientations = UIInterfaceOrientationPortrait;
				IPHONEOS_DEPLOYMENT_TARGET = 18.0;
				LD_RUNPATH_SEARCH_PATHS = (
					"$(inherited)",
					"@executable_path/Frameworks",
				);
				MARKETING_VERSION = 1.0;
				PRODUCT_BUNDLE_IDENTIFIER = com.hojoon.OurLeague;
				PRODUCT_NAME = "$(TARGET_NAME)";
				SWIFT_EMIT_LOC_STRINGS = YES;
				SWIFT_VERSION = 5.0;
				TARGETED_DEVICE_FAMILY = "1,2";
			};
			name = Debug;
		};
		DE7A18742B28257B008E5CC3 /* Release */ = {
			isa = XCBuildConfiguration;
			buildSettings = {
				ASSETCATALOG_COMPILER_APPICON_NAME = AppIcon;
				ASSETCATALOG_COMPILER_GLOBAL_ACCENT_COLOR_NAME = AccentColor;
				CODE_SIGN_STYLE = Automatic;
				CURRENT_PROJECT_VERSION = 1;
				DEVELOPMENT_ASSET_PATHS = "\"OurLeague/Preview Content\"";
				DEVELOPMENT_TEAM = FA464JRW3F;
				ENABLE_PREVIEWS = YES;
				GENERATE_INFOPLIST_FILE = YES;
				INFOPLIST_KEY_UIApplicationSceneManifest_Generation = YES;
				INFOPLIST_KEY_UIApplicationSupportsIndirectInputEvents = YES;
				INFOPLIST_KEY_UILaunchScreen_Generation = YES;
				INFOPLIST_KEY_UISupportedInterfaceOrientations = UIInterfaceOrientationPortrait;
				IPHONEOS_DEPLOYMENT_TARGET = 18.0;
				LD_RUNPATH_SEARCH_PATHS = (
					"$(inherited)",
					"@executable_path/Frameworks",
				);
				MARKETING_VERSION = 1.0;
				PRODUCT_BUNDLE_IDENTIFIER = com.hojoon.OurLeague;
				PRODUCT_NAME = "$(TARGET_NAME)";
				SWIFT_EMIT_LOC_STRINGS = YES;
				SWIFT_VERSION = 5.0;
				TARGETED_DEVICE_FAMILY = "1,2";
			};
			name = Release;
		};
		DE7A18762B28257B008E5CC3 /* Debug */ = {
			isa = XCBuildConfiguration;
			buildSettings = {
				ALWAYS_EMBED_SWIFT_STANDARD_LIBRARIES = YES;
				BUNDLE_LOADER = "$(TEST_HOST)";
				CODE_SIGN_STYLE = Automatic;
				CURRENT_PROJECT_VERSION = 1;
				DEVELOPMENT_TEAM = FA464JRW3F;
				GENERATE_INFOPLIST_FILE = YES;
				IPHONEOS_DEPLOYMENT_TARGET = 17.0;
				MARKETING_VERSION = 1.0;
				PRODUCT_BUNDLE_IDENTIFIER = com.hojoon.OurLeagueTests;
				PRODUCT_NAME = "$(TARGET_NAME)";
				SWIFT_EMIT_LOC_STRINGS = NO;
				SWIFT_VERSION = 5.0;
				TARGETED_DEVICE_FAMILY = "1,2";
				TEST_HOST = "$(BUILT_PRODUCTS_DIR)/OurLeague.app/$(BUNDLE_EXECUTABLE_FOLDER_PATH)/OurLeague";
			};
			name = Debug;
		};
		DE7A18772B28257B008E5CC3 /* Release */ = {
			isa = XCBuildConfiguration;
			buildSettings = {
				ALWAYS_EMBED_SWIFT_STANDARD_LIBRARIES = YES;
				BUNDLE_LOADER = "$(TEST_HOST)";
				CODE_SIGN_STYLE = Automatic;
				CURRENT_PROJECT_VERSION = 1;
				DEVELOPMENT_TEAM = FA464JRW3F;
				GENERATE_INFOPLIST_FILE = YES;
				IPHONEOS_DEPLOYMENT_TARGET = 17.0;
				MARKETING_VERSION = 1.0;
				PRODUCT_BUNDLE_IDENTIFIER = com.hojoon.OurLeagueTests;
				PRODUCT_NAME = "$(TARGET_NAME)";
				SWIFT_EMIT_LOC_STRINGS = NO;
				SWIFT_VERSION = 5.0;
				TARGETED_DEVICE_FAMILY = "1,2";
				TEST_HOST = "$(BUILT_PRODUCTS_DIR)/OurLeague.app/$(BUNDLE_EXECUTABLE_FOLDER_PATH)/OurLeague";
			};
			name = Release;
		};
		DE7A18792B28257B008E5CC3 /* Debug */ = {
			isa = XCBuildConfiguration;
			buildSettings = {
				ALWAYS_EMBED_SWIFT_STANDARD_LIBRARIES = YES;
				CODE_SIGN_STYLE = Automatic;
				CURRENT_PROJECT_VERSION = 1;
				DEVELOPMENT_TEAM = FA464JRW3F;
				GENERATE_INFOPLIST_FILE = YES;
				MARKETING_VERSION = 1.0;
				PRODUCT_BUNDLE_IDENTIFIER = com.hojoon.OurLeagueUITests;
				PRODUCT_NAME = "$(TARGET_NAME)";
				SWIFT_EMIT_LOC_STRINGS = NO;
				SWIFT_VERSION = 5.0;
				TARGETED_DEVICE_FAMILY = "1,2";
				TEST_TARGET_NAME = OurLeague;
			};
			name = Debug;
		};
		DE7A187A2B28257B008E5CC3 /* Release */ = {
			isa = XCBuildConfiguration;
			buildSettings = {
				ALWAYS_EMBED_SWIFT_STANDARD_LIBRARIES = YES;
				CODE_SIGN_STYLE = Automatic;
				CURRENT_PROJECT_VERSION = 1;
				DEVELOPMENT_TEAM = FA464JRW3F;
				GENERATE_INFOPLIST_FILE = YES;
				MARKETING_VERSION = 1.0;
				PRODUCT_BUNDLE_IDENTIFIER = com.hojoon.OurLeagueUITests;
				PRODUCT_NAME = "$(TARGET_NAME)";
				SWIFT_EMIT_LOC_STRINGS = NO;
				SWIFT_VERSION = 5.0;
				TARGETED_DEVICE_FAMILY = "1,2";
				TEST_TARGET_NAME = OurLeague;
			};
			name = Release;
		};
/* End XCBuildConfiguration section */

/* Begin XCConfigurationList section */
		DE7A18472B282579008E5CC3 /* Build configuration list for PBXProject "OurLeague" */ = {
			isa = XCConfigurationList;
			buildConfigurations = (
				DE7A18702B28257B008E5CC3 /* Debug */,
				DE7A18712B28257B008E5CC3 /* Release */,
			);
			defaultConfigurationIsVisible = 0;
			defaultConfigurationName = Release;
		};
		DE7A18722B28257B008E5CC3 /* Build configuration list for PBXNativeTarget "OurLeague" */ = {
			isa = XCConfigurationList;
			buildConfigurations = (
				DE7A18732B28257B008E5CC3 /* Debug */,
				DE7A18742B28257B008E5CC3 /* Release */,
			);
			defaultConfigurationIsVisible = 0;
			defaultConfigurationName = Release;
		};
		DE7A18752B28257B008E5CC3 /* Build configuration list for PBXNativeTarget "OurLeagueTests" */ = {
			isa = XCConfigurationList;
			buildConfigurations = (
				DE7A18762B28257B008E5CC3 /* Debug */,
				DE7A18772B28257B008E5CC3 /* Release */,
			);
			defaultConfigurationIsVisible = 0;
			defaultConfigurationName = Release;
		};
		DE7A18782B28257B008E5CC3 /* Build configuration list for PBXNativeTarget "OurLeagueUITests" */ = {
			isa = XCConfigurationList;
			buildConfigurations = (
				DE7A18792B28257B008E5CC3 /* Debug */,
				DE7A187A2B28257B008E5CC3 /* Release */,
			);
			defaultConfigurationIsVisible = 0;
			defaultConfigurationName = Release;
		};
/* End XCConfigurationList section */

/* Begin XCRemoteSwiftPackageReference section */
		DE7A18812B28A172008E5CC3 /* XCRemoteSwiftPackageReference "firebase-ios-sdk" */ = {
			isa = XCRemoteSwiftPackageReference;
			repositoryURL = "https://github.com/firebase/firebase-ios-sdk";
			requirement = {
				kind = upToNextMajorVersion;
				minimumVersion = 10.19.0;
			};
		};
/* End XCRemoteSwiftPackageReference section */

/* Begin XCSwiftPackageProductDependency section */
		DE7A18832B28A253008E5CC3 /* FirebaseDatabase */ = {
			isa = XCSwiftPackageProductDependency;
			package = DE7A18812B28A172008E5CC3 /* XCRemoteSwiftPackageReference "firebase-ios-sdk" */;
			productName = FirebaseDatabase;
		};
		DE7A18852B28A370008E5CC3 /* FirebaseFirestore */ = {
			isa = XCSwiftPackageProductDependency;
			package = DE7A18812B28A172008E5CC3 /* XCRemoteSwiftPackageReference "firebase-ios-sdk" */;
			productName = FirebaseFirestore;
		};
/* End XCSwiftPackageProductDependency section */
	};
	rootObject = DE7A18442B282579008E5CC3 /* Project object */;
}
